<?xml version="1.0" encoding="utf-8"?>
<Project ToolsVersion="4.0" xmlns="http://schemas.microsoft.com/developer/msbuild/2003">
  <ItemGroup>
    <Filter Include="Generated Files">
      <UniqueIdentifier>{71ED8ED8-ACB9-4CE9-BBE1-E00B30144E11}</UniqueIdentifier>
      <Extensions>cpp;c;cxx;moc;h;def;odl;idl;res</Extensions>
    </Filter>
    <Filter Include="Generated Files\Debug">
      <UniqueIdentifier>{86212911-0f0f-4c7f-a158-1afa33cee782}</UniqueIdentifier>
      <Extensions>cpp;moc</Extensions>
      <SourceControlFiles>False</SourceControlFiles>
    </Filter>
    <Filter Include="Generated Files\Release">
      <UniqueIdentifier>{311fbb34-368f-4d5e-9457-a4de0f85e2ca}</UniqueIdentifier>
      <Extensions>cpp;moc</Extensions>
      <SourceControlFiles>False</SourceControlFiles>
    </Filter>
    <Filter Include="Source">
      <UniqueIdentifier>{4FC737F1-C7A5-4376-A066-2A32D752A2FF}</UniqueIdentifier>
      <Extensions>cpp;c;cxx;def;odl;idl;hpj;bat;asm;asmx</Extensions>
    </Filter>
    <Filter Include="Forms">
      <UniqueIdentifier>{99349809-55BA-4b9d-BF79-8FDBB0286EB3}</UniqueIdentifier>
      <Extensions>ui</Extensions>
      <ParseFiles>false</ParseFiles>
    </Filter>
    <Filter Include="xLib">
      <UniqueIdentifier>{7a5900e7-ee92-4871-b3e1-447ba9c87227}</UniqueIdentifier>
    </Filter>
    <Filter Include="xLib\Common">
      <UniqueIdentifier>{a1279459-5610-42b3-8b99-0956bb165dd6}</UniqueIdentifier>
    </Filter>
    <Filter Include="xLib\Debug">
      <UniqueIdentifier>{d140178b-b2cb-4da2-b776-6744e7216a86}</UniqueIdentifier>
    </Filter>
    <Filter Include="xLib\Crypt">
      <UniqueIdentifier>{c8359d51-7b10-46f7-ad90-62872463c2c9}</UniqueIdentifier>
    </Filter>
    <Filter Include="xLib\Common\Linux">
      <UniqueIdentifier>{1f39b55c-7edb-42c9-94e6-9ab9fdcd64cd}</UniqueIdentifier>
    </Filter>
    <Filter Include="xLib\Common\Win">
      <UniqueIdentifier>{d90cdd49-893f-4a2b-baf3-95607a57a13e}</UniqueIdentifier>
    </Filter>
    <Filter Include="xLib\Filesystem">
      <UniqueIdentifier>{fb739065-19fd-4d34-a413-4119695c487a}</UniqueIdentifier>
    </Filter>
    <Filter Include="xLib\Sync">
      <UniqueIdentifier>{6520b082-6eda-469a-bf83-86324e584c6e}</UniqueIdentifier>
    </Filter>
    <Filter Include="xLib\Log">
      <UniqueIdentifier>{f98e196a-3906-4471-8ce1-7d7e267eb2c2}</UniqueIdentifier>
    </Filter>
  </ItemGroup>
  <ItemGroup>
    <ClCompile Include="CMain.cpp">
      <Filter>Source</Filter>
    </ClCompile>
    <ClCompile Include="Classes\CSqlCryptTableModel.cpp">
      <Filter>Source</Filter>
    </ClCompile>
    <ClCompile Include="main.cpp">
      <Filter>Source</Filter>
    </ClCompile>
    <ClCompile Include="GeneratedFiles\Debug\moc_CMain.cpp">
      <Filter>Generated Files\Debug</Filter>
    </ClCompile>
    <ClCompile Include="GeneratedFiles\Release\moc_CMain.cpp">
      <Filter>Generated Files\Release</Filter>
    </ClCompile>
    <ClCompile Include="..\..\..\..\xLib\Source\Crypt\OpenSSL\CxBlowfish.cpp">
      <Filter>xLib\Crypt</Filter>
    </ClCompile>
    <ClCompile Include="..\..\..\..\xLib\Source\Debug\CxAutoProfiler.cpp">
      <Filter>xLib\Debug</Filter>
    </ClCompile>
    <ClCompile Include="..\..\..\..\xLib\Source\Debug\CxDebugger.cpp">
      <Filter>xLib\Debug</Filter>
    </ClCompile>
    <ClCompile Include="..\..\..\..\xLib\Source\Debug\CxLastError.cpp">
      <Filter>xLib\Debug</Filter>
    </ClCompile>
    <ClCompile Include="..\..\..\..\xLib\Source\Debug\CxProfiler.cpp">
      <Filter>xLib\Debug</Filter>
    </ClCompile>
    <ClCompile Include="..\..\..\..\xLib\Source\Debug\CxReport.cpp">
      <Filter>xLib\Debug</Filter>
    </ClCompile>
    <ClCompile Include="..\..\..\..\xLib\Source\Debug\CxStackTrace.cpp">
      <Filter>xLib\Debug</Filter>
    </ClCompile>
    <ClCompile Include="..\..\..\..\xLib\Source\Debug\CxStdError.cpp">
      <Filter>xLib\Debug</Filter>
    </ClCompile>
    <ClCompile Include="..\..\..\..\xLib\Source\Debug\CxTest.cpp">
      <Filter>xLib\Debug</Filter>
    </ClCompile>
    <ClCompile Include="..\..\..\..\xLib\Source\Debug\CxTestManager.cpp">
      <Filter>xLib\Debug</Filter>
    </ClCompile>
    <ClCompile Include="..\..\..\..\xLib\Source\Common\Win\CxShell.cpp">
      <Filter>xLib\Common\Win</Filter>
    </ClCompile>
    <ClCompile Include="..\..\..\..\xLib\Source\Common\Win\CxCom.cpp">
      <Filter>xLib\Common\Win</Filter>
    </ClCompile>
    <ClCompile Include="..\..\..\..\xLib\Source\Common\CxChar.cpp">
      <Filter>xLib\Common</Filter>
    </ClCompile>
    <ClCompile Include="..\..\..\..\xLib\Source\Common\CxCommandLine.cpp">
      <Filter>xLib\Common</Filter>
    </ClCompile>
    <ClCompile Include="..\..\..\..\xLib\Source\Common\CxConsole.cpp">
      <Filter>xLib\Common</Filter>
    </ClCompile>
    <ClCompile Include="..\..\..\..\xLib\Source\Common\CxConst.cpp">
      <Filter>xLib\Common</Filter>
    </ClCompile>
    <ClCompile Include="..\..\..\..\xLib\Source\Common\CxDateTime.cpp">
      <Filter>xLib\Common</Filter>
    </ClCompile>
    <ClCompile Include="..\..\..\..\xLib\Source\Common\CxException.cpp">
      <Filter>xLib\Common</Filter>
    </ClCompile>
    <ClCompile Include="..\..\..\..\xLib\Source\Common\CxLocale.cpp">
      <Filter>xLib\Common</Filter>
    </ClCompile>
    <ClCompile Include="..\..\..\..\xLib\Source\Common\CxString.cpp">
      <Filter>xLib\Common</Filter>
    </ClCompile>
    <ClCompile Include="..\..\..\..\xLib\Source\Common\CxSystemInfo.cpp">
      <Filter>xLib\Common</Filter>
    </ClCompile>
    <ClCompile Include="..\..\..\..\xLib\Source\Common\CxType.cpp">
      <Filter>xLib\Common</Filter>
    </ClCompile>
    <ClCompile Include="..\..\..\..\xLib\Source\Common\CxAppSettings.cpp">
      <Filter>xLib\Common</Filter>
    </ClCompile>
    <ClCompile Include="..\..\..\..\xLib\Source\Filesystem\CxDir.cpp">
      <Filter>xLib\Filesystem</Filter>
    </ClCompile>
    <ClCompile Include="..\..\..\..\xLib\Source\Filesystem\CxDll.cpp">
      <Filter>xLib\Filesystem</Filter>
    </ClCompile>
    <ClCompile Include="..\..\..\..\xLib\Source\Filesystem\CxEnvironment.cpp">
      <Filter>xLib\Filesystem</Filter>
    </ClCompile>
    <ClCompile Include="..\..\..\..\xLib\Source\Filesystem\CxFile.cpp">
      <Filter>xLib\Filesystem</Filter>
    </ClCompile>
    <ClCompile Include="..\..\..\..\xLib\Source\Filesystem\CxFileAttribute.cpp">
      <Filter>xLib\Filesystem</Filter>
    </ClCompile>
    <ClCompile Include="..\..\..\..\xLib\Source\Filesystem\CxFileTemp.cpp">
      <Filter>xLib\Filesystem</Filter>
    </ClCompile>
    <ClCompile Include="..\..\..\..\xLib\Source\Filesystem\CxLocalStorage.cpp">
      <Filter>xLib\Filesystem</Filter>
    </ClCompile>
    <ClCompile Include="..\..\..\..\xLib\Source\Filesystem\CxPath.cpp">
      <Filter>xLib\Filesystem</Filter>
    </ClCompile>
    <ClCompile Include="..\..\..\..\xLib\Source\Filesystem\CxVolume.cpp">
      <Filter>xLib\Filesystem</Filter>
    </ClCompile>
    <ClCompile Include="..\..\..\..\xLib\Source\Sync\CxAtomicLongInt.cpp">
      <Filter>xLib\Sync</Filter>
    </ClCompile>
    <ClCompile Include="..\..\..\..\xLib\Source\Sync\CxAutoCriticalSection.cpp">
      <Filter>xLib\Sync</Filter>
    </ClCompile>
    <ClCompile Include="..\..\..\..\xLib\Source\Sync\CxAutoMutex.cpp">
      <Filter>xLib\Sync</Filter>
    </ClCompile>
    <ClCompile Include="..\..\..\..\xLib\Source\Sync\CxCriticalSection.cpp">
      <Filter>xLib\Sync</Filter>
    </ClCompile>
    <ClCompile Include="..\..\..\..\xLib\Source\Sync\CxCurrentThread.cpp">
      <Filter>xLib\Sync</Filter>
    </ClCompile>
    <ClCompile Include="..\..\..\..\xLib\Source\Sync\CxEvent.cpp">
      <Filter>xLib\Sync</Filter>
    </ClCompile>
    <ClCompile Include="..\..\..\..\xLib\Source\Sync\CxMutex.cpp">
      <Filter>xLib\Sync</Filter>
    </ClCompile>
    <ClCompile Include="..\..\..\..\xLib\Source\Sync\CxProcess.cpp">
      <Filter>xLib\Sync</Filter>
    </ClCompile>
    <ClCompile Include="..\..\..\..\xLib\Source\Sync\CxSemaphore.cpp">
      <Filter>xLib\Sync</Filter>
    </ClCompile>
    <ClCompile Include="..\..\..\..\xLib\Source\Sync\CxSharedMemory.cpp">
      <Filter>xLib\Sync</Filter>
    </ClCompile>
    <ClCompile Include="..\..\..\..\xLib\Source\Sync\CxSleeper.cpp">
      <Filter>xLib\Sync</Filter>
    </ClCompile>
    <ClCompile Include="..\..\..\..\xLib\Source\Sync\CxThread.cpp">
      <Filter>xLib\Sync</Filter>
    </ClCompile>
    <ClCompile Include="..\..\..\..\xLib\Source\Sync\CxThreadStorage.cpp">
      <Filter>xLib\Sync</Filter>
    </ClCompile>
    <ClCompile Include="..\..\..\..\xLib\Source\Sync\CxWaitableTimer.cpp">
      <Filter>xLib\Sync</Filter>
    </ClCompile>
    <ClCompile Include="..\..\..\..\xLib\Source\Crypt\CxCrc32.cpp">
      <Filter>xLib\Crypt</Filter>
    </ClCompile>
    <ClCompile Include="..\..\..\..\xLib\Source\Log\CxConsoleLog.cpp">
      <Filter>xLib\Log</Filter>
    </ClCompile>
    <ClCompile Include="..\..\..\..\xLib\Source\Log\CxFileLog.cpp">
      <Filter>xLib\Log</Filter>
    </ClCompile>
    <ClCompile Include="..\..\..\..\xLib\Source\Log\CxSystemLog.cpp">
      <Filter>xLib\Log</Filter>
    </ClCompile>
    <ClCompile Include="..\..\..\..\xLib\Source\Log\CxTraceLog.cpp">
      <Filter>xLib\Log</Filter>
    </ClCompile>
    <ClCompile Include="..\..\..\..\xLib\Source\Crypt\CxRandom.cpp">
      <Filter>xLib\Crypt</Filter>
    </ClCompile>
  </ItemGroup>
  <ItemGroup>
    <ClInclude Include="ui_CMain.h">
      <Filter>Generated Files</Filter>
    </ClInclude>
    <ClInclude Include="Classes\CSqlCryptTableModel.h">
      <Filter>Source</Filter>
    </ClInclude>
    <ClInclude Include="..\..\..\..\xLib\Include\xLib\Crypt\OpenSSL\CxBlowfish.h">
      <Filter>xLib\Crypt</Filter>
    </ClInclude>
    <ClInclude Include="..\..\..\..\xLib\Include\xLib\Debug\CxDebugger.h">
      <Filter>xLib\Debug</Filter>
    </ClInclude>
    <ClInclude Include="..\..\..\..\xLib\Include\xLib\Debug\CxLastError.h">
      <Filter>xLib\Debug</Filter>
    </ClInclude>
    <ClInclude Include="..\..\..\..\xLib\Include\xLib\Debug\CxProfiler.h">
      <Filter>xLib\Debug</Filter>
    </ClInclude>
    <ClInclude Include="..\..\..\..\xLib\Include\xLib\Debug\CxReport.h">
      <Filter>xLib\Debug</Filter>
    </ClInclude>
    <ClInclude Include="..\..\..\..\xLib\Include\xLib\Debug\CxStackTrace.h">
      <Filter>xLib\Debug</Filter>
    </ClInclude>
    <ClInclude Include="..\..\..\..\xLib\Include\xLib\Debug\CxStdError.h">
      <Filter>xLib\Debug</Filter>
    </ClInclude>
    <ClInclude Include="..\..\..\..\xLib\Include\xLib\Debug\CxTest.h">
      <Filter>xLib\Debug</Filter>
    </ClInclude>
    <ClInclude Include="..\..\..\..\xLib\Include\xLib\Debug\CxTestManager.h">
      <Filter>xLib\Debug</Filter>
    </ClInclude>
    <ClInclude Include="..\..\..\..\xLib\Include\xLib\Debug\xDebug.h">
      <Filter>xLib\Debug</Filter>
    </ClInclude>
    <ClInclude Include="..\..\..\..\xLib\Include\xLib\Debug\CxAutoProfiler.h">
      <Filter>xLib\Debug</Filter>
    </ClInclude>
    <ClInclude Include="..\..\..\..\xLib\Include\xLib\Common\Linux\xCommon_Unix.h">
      <Filter>xLib\Common\Linux</Filter>
    </ClInclude>
    <ClInclude Include="..\..\..\..\xLib\Include\xLib\Common\Win\CxCom.h">
      <Filter>xLib\Common\Win</Filter>
    </ClInclude>
    <ClInclude Include="..\..\..\..\xLib\Include\xLib\Common\Win\CxHandleT.h">
      <Filter>xLib\Common\Win</Filter>
    </ClInclude>
    <ClInclude Include="..\..\..\..\xLib\Include\xLib\Common\Win\CxShell.h">
      <Filter>xLib\Common\Win</Filter>
    </ClInclude>
    <ClInclude Include="..\..\..\..\xLib\Include\xLib\Common\Win\xCommon_Win.h">
      <Filter>xLib\Common\Win</Filter>
    </ClInclude>
    <ClInclude Include="..\..\..\..\xLib\Include\xLib\Common\CxAppSettings.h">
      <Filter>xLib\Common</Filter>
    </ClInclude>
    <ClInclude Include="..\..\..\..\xLib\Include\xLib\Common\CxArray.h">
      <Filter>xLib\Common</Filter>
    </ClInclude>
    <ClInclude Include="..\..\..\..\xLib\Include\xLib\Common\CxAutoBuffer.h">
      <Filter>xLib\Common</Filter>
    </ClInclude>
    <ClInclude Include="..\..\..\..\xLib\Include\xLib\Common\CxAutoMallocT.h">
      <Filter>xLib\Common</Filter>
    </ClInclude>
    <ClInclude Include="..\..\..\..\xLib\Include\xLib\Common\CxChar.h">
      <Filter>xLib\Common</Filter>
    </ClInclude>
    <ClInclude Include="..\..\..\..\xLib\Include\xLib\Common\CxCommandLine.h">
      <Filter>xLib\Common</Filter>
    </ClInclude>
    <ClInclude Include="..\..\..\..\xLib\Include\xLib\Common\CxConsole.h">
      <Filter>xLib\Common</Filter>
    </ClInclude>
    <ClInclude Include="..\..\..\..\xLib\Include\xLib\Common\CxConst.h">
      <Filter>xLib\Common</Filter>
    </ClInclude>
    <ClInclude Include="..\..\..\..\xLib\Include\xLib\Common\CxDateTime.h">
      <Filter>xLib\Common</Filter>
    </ClInclude>
    <ClInclude Include="..\..\..\..\xLib\Include\xLib\Common\CxException.h">
      <Filter>xLib\Common</Filter>
    </ClInclude>
    <ClInclude Include="..\..\..\..\xLib\Include\xLib\Common\CxFunctorT.h">
      <Filter>xLib\Common</Filter>
    </ClInclude>
    <ClInclude Include="..\..\..\..\xLib\Include\xLib\Common\CxLocale.h">
      <Filter>xLib\Common</Filter>
    </ClInclude>
    <ClInclude Include="..\..\..\..\xLib\Include\xLib\Common\CxMacros.h">
      <Filter>xLib\Common</Filter>
    </ClInclude>
    <ClInclude Include="..\..\..\..\xLib\Include\xLib\Common\CxNonAssignable.h">
      <Filter>xLib\Common</Filter>
    </ClInclude>
    <ClInclude Include="..\..\..\..\xLib\Include\xLib\Common\CxNonCopyable.h">
      <Filter>xLib\Common</Filter>
    </ClInclude>
    <ClInclude Include="..\..\..\..\xLib\Include\xLib\Common\CxString.h">
      <Filter>xLib\Common</Filter>
    </ClInclude>
    <ClInclude Include="..\..\..\..\xLib\Include\xLib\Common\CxSystemInfo.h">
      <Filter>xLib\Common</Filter>
    </ClInclude>
    <ClInclude Include="..\..\..\..\xLib\Include\xLib\Common\CxType.h">
      <Filter>xLib\Common</Filter>
    </ClInclude>
    <ClInclude Include="..\..\..\..\xLib\Include\xLib\Common\xCheks.h">
      <Filter>xLib\Common</Filter>
    </ClInclude>
    <ClInclude Include="..\..\..\..\xLib\Include\xLib\Common\xClosure.h">
      <Filter>xLib\Common</Filter>
    </ClInclude>
    <ClInclude Include="..\..\..\..\xLib\Include\xLib\Common\xClosureImpl.h">
      <Filter>xLib\Common</Filter>
    </ClInclude>
    <ClInclude Include="..\..\..\..\xLib\Include\xLib\Common\xCommon.h">
      <Filter>xLib\Common</Filter>
    </ClInclude>
    <ClInclude Include="..\..\..\..\xLib\Include\xLib\Common\xConfig.h">
      <Filter>xLib\Common</Filter>
    </ClInclude>
    <ClInclude Include="..\..\..\..\xLib\Include\xLib\Common\xDefines.h">
      <Filter>xLib\Common</Filter>
    </ClInclude>
    <ClInclude Include="..\..\..\..\xLib\Include\xLib\Common\xFunctions.h">
      <Filter>xLib\Common</Filter>
    </ClInclude>
    <ClInclude Include="..\..\..\..\xLib\Include\xLib\Common\xLinking.h">
      <Filter>xLib\Common</Filter>
    </ClInclude>
    <ClInclude Include="..\..\..\..\xLib\Include\xLib\Common\xTracing.h">
      <Filter>xLib\Common</Filter>
    </ClInclude>
    <ClInclude Include="..\..\..\..\xLib\Include\xLib\Common\xTypes.h">
      <Filter>xLib\Common</Filter>
    </ClInclude>
    <ClInclude Include="..\..\..\..\xLib\Include\xLib\Filesystem\CxDir.h">
      <Filter>xLib\Filesystem</Filter>
    </ClInclude>
    <ClInclude Include="..\..\..\..\xLib\Include\xLib\Filesystem\CxDll.h">
      <Filter>xLib\Filesystem</Filter>
    </ClInclude>
    <ClInclude Include="..\..\..\..\xLib\Include\xLib\Filesystem\CxEnvironment.h">
      <Filter>xLib\Filesystem</Filter>
    </ClInclude>
    <ClInclude Include="..\..\..\..\xLib\Include\xLib\Filesystem\CxFile.h">
      <Filter>xLib\Filesystem</Filter>
    </ClInclude>
    <ClInclude Include="..\..\..\..\xLib\Include\xLib\Filesystem\CxFileAttribute.h">
      <Filter>xLib\Filesystem</Filter>
    </ClInclude>
    <ClInclude Include="..\..\..\..\xLib\Include\xLib\Filesystem\CxFileTemp.h">
      <Filter>xLib\Filesystem</Filter>
    </ClInclude>
    <ClInclude Include="..\..\..\..\xLib\Include\xLib\Filesystem\CxLocalStorage.h">
      <Filter>xLib\Filesystem</Filter>
    </ClInclude>
    <ClInclude Include="..\..\..\..\xLib\Include\xLib\Filesystem\CxPath.h">
      <Filter>xLib\Filesystem</Filter>
    </ClInclude>
    <ClInclude Include="..\..\..\..\xLib\Include\xLib\Filesystem\CxVolume.h">
      <Filter>xLib\Filesystem</Filter>
    </ClInclude>
    <ClInclude Include="..\..\..\..\xLib\Include\xLib\Sync\CxAtomicLongInt.h">
      <Filter>xLib\Sync</Filter>
    </ClInclude>
    <ClInclude Include="..\..\..\..\xLib\Include\xLib\Sync\CxAutoCriticalSection.h">
      <Filter>xLib\Sync</Filter>
    </ClInclude>
    <ClInclude Include="..\..\..\..\xLib\Include\xLib\Sync\CxAutoMutex.h">
      <Filter>xLib\Sync</Filter>
    </ClInclude>
    <ClInclude Include="..\..\..\..\xLib\Include\xLib\Sync\CxCriticalSection.h">
      <Filter>xLib\Sync</Filter>
    </ClInclude>
    <ClInclude Include="..\..\..\..\xLib\Include\xLib\Sync\CxCurrentThread.h">
      <Filter>xLib\Sync</Filter>
    </ClInclude>
    <ClInclude Include="..\..\..\..\xLib\Include\xLib\Sync\CxEvent.h">
      <Filter>xLib\Sync</Filter>
    </ClInclude>
    <ClInclude Include="..\..\..\..\xLib\Include\xLib\Sync\CxMutex.h">
      <Filter>xLib\Sync</Filter>
    </ClInclude>
    <ClInclude Include="..\..\..\..\xLib\Include\xLib\Sync\CxProcess.h">
      <Filter>xLib\Sync</Filter>
    </ClInclude>
    <ClInclude Include="..\..\..\..\xLib\Include\xLib\Sync\CxSemaphore.h">
      <Filter>xLib\Sync</Filter>
    </ClInclude>
    <ClInclude Include="..\..\..\..\xLib\Include\xLib\Sync\CxSharedMemory.h">
      <Filter>xLib\Sync</Filter>
    </ClInclude>
    <ClInclude Include="..\..\..\..\xLib\Include\xLib\Sync\CxSleeper.h">
      <Filter>xLib\Sync</Filter>
    </ClInclude>
    <ClInclude Include="..\..\..\..\xLib\Include\xLib\Sync\CxThread.h">
      <Filter>xLib\Sync</Filter>
    </ClInclude>
    <ClInclude Include="..\..\..\..\xLib\Include\xLib\Sync\CxThreadPool.h">
      <Filter>xLib\Sync</Filter>
    </ClInclude>
    <ClInclude Include="..\..\..\..\xLib\Include\xLib\Sync\CxThreadStorage.h">
      <Filter>xLib\Sync</Filter>
    </ClInclude>
    <ClInclude Include="..\..\..\..\xLib\Include\xLib\Sync\CxWaitableTimer.h">
      <Filter>xLib\Sync</Filter>
    </ClInclude>
    <ClInclude Include="..\..\..\..\xLib\Include\xLib\Crypt\CxCrc32.h">
      <Filter>xLib\Crypt</Filter>
    </ClInclude>
    <ClInclude Include="..\..\..\..\xLib\Include\xLib\Log\CxConsoleLog.h">
      <Filter>xLib\Log</Filter>
    </ClInclude>
    <ClInclude Include="..\..\..\..\xLib\Include\xLib\Log\CxFileLog.h">
      <Filter>xLib\Log</Filter>
    </ClInclude>
    <ClInclude Include="..\..\..\..\xLib\Include\xLib\Log\CxSystemLog.h">
      <Filter>xLib\Log</Filter>
    </ClInclude>
    <ClInclude Include="..\..\..\..\xLib\Include\xLib\Log\CxTraceLog.h">
      <Filter>xLib\Log</Filter>
    </ClInclude>
    <ClInclude Include="..\..\..\..\xLib\Include\xLib\Log\xLogs.h">
      <Filter>xLib\Log</Filter>
    </ClInclude>
    <ClInclude Include="..\..\..\..\xLib\Include\xLib\Crypt\CxRandom.h">
      <Filter>xLib\Crypt</Filter>
    </ClInclude>
    <ClInclude Include="Common.h">
      <Filter>Source</Filter>
    </ClInclude>
  </ItemGroup>
  <ItemGroup>
    <CustomBuild Include="CMain.ui">
      <Filter>Forms</Filter>
    </CustomBuild>
    <CustomBuild Include="CMain.h">
      <Filter>Source</Filter>
    </CustomBuild>
  </ItemGroup>
  <ItemGroup>
    <None Include="..\..\..\..\xLib\Source\Debug\CxReport.inl">
      <Filter>xLib\Debug</Filter>
    </None>
    <None Include="..\..\..\..\xLib\Include\xLib\Common\DbEmpty.db.zip.txt">
      <Filter>xLib\Common</Filter>
    </None>
    <None Include="..\..\..\..\xLib\Source\Common\Win\CxHandleT.inl">
      <Filter>xLib\Common\Win</Filter>
    </None>
    <None Include="..\..\..\..\xLib\Source\Common\CxArray.inl">
      <Filter>xLib\Common</Filter>
    </None>
    <None Include="..\..\..\..\xLib\Source\Common\CxException.inl">
      <Filter>xLib\Common</Filter>
    </None>
    <None Include="..\..\..\..\xLib\Source\Common\CxFunctorT.inl">
      <Filter>xLib\Common</Filter>
    </None>
    <None Include="..\..\..\..\xLib\Source\Common\CxString.inl">
      <Filter>xLib\Common</Filter>
    </None>
    <None Include="..\..\..\..\xLib\Source\Common\CxType.inl">
      <Filter>xLib\Common</Filter>
    </None>
    <None Include="..\..\..\..\xLib\Source\Common\DbEmpty.db.zip.txt">
      <Filter>xLib\Common</Filter>
    </None>
    <None Include="..\..\..\..\xLib\Source\Sync\CxThreadPool.inl">
      <Filter>xLib\Sync</Filter>
    </None>
    <None Include="..\Translater\TODO.txt" />
  </ItemGroup>
</Project>